version: 2.0
shards:
  codex_bridge:
    git: https://github.com/mieko/codex-bridge.git
    version: 0.1.0+git.commit.908fa9e55305a7d081e551b68ec09c4ec341e62f

  db:
    git: https://github.com/crystal-lang/crystal-db.git
    version: 0.14.0

  markd:
    git: https://github.com/icyleaf/markd.git
    version: 0.6.0

  sqlite3:
    git: https://github.com/crystal-lang/crystal-sqlite3.git
    version: 0.23.0

